
Microsoft Visual Studio Solution File, Format Version 12.00
# Visual Studio Version 17
VisualStudioVersion = 17.10.34928.147
MinimumVisualStudioVersion = 10.0.40219.1
Project("{9A19103F-16F7-4668-BE54-9A1E7A4F7556}") = "DurinUI", "DurinUI\DurinUI.csproj", "{B2800FE9-0715-4DA8-9327-FF6E73E9361E}"
EndProject
Project("{FAE04EC0-301F-11D3-BF4B-00C04F79EFBC}") = "Entities", "Core\Entities.csproj", "{4F07ADCD-F161-4309-BB73-E5228DD877A5}"
EndProject
Project("{FAE04EC0-301F-11D3-BF4B-00C04F79EFBC}") = "DAL", "DAL\DAL.csproj", "{EC8CF357-3D39-4E21-A180-536D44C1BA5D}"
EndProject
Project("{FAE04EC0-301F-11D3-BF4B-00C04F79EFBC}") = "BL", "BL\BL.csproj", "{D64DC991-C7D4-458E-8B6A-2474A6A5ACD0}"
EndProject
Global
	GlobalSection(SolutionConfigurationPlatforms) = preSolution
		Debug|Any CPU = Debug|Any CPU
		Release|Any CPU = Release|Any CPU
	EndGlobalSection
	GlobalSection(ProjectConfigurationPlatforms) = postSolution
		{B2800FE9-0715-4DA8-9327-FF6E73E9361E}.Debug|Any CPU.ActiveCfg = Debug|Any CPU
		{B2800FE9-0715-4DA8-9327-FF6E73E9361E}.Debug|Any CPU.Build.0 = Debug|Any CPU
		{B2800FE9-0715-4DA8-9327-FF6E73E9361E}.Release|Any CPU.ActiveCfg = Release|Any CPU
		{B2800FE9-0715-4DA8-9327-FF6E73E9361E}.Release|Any CPU.Build.0 = Release|Any CPU
		{4F07ADCD-F161-4309-BB73-E5228DD877A5}.Debug|Any CPU.ActiveCfg = Debug|Any CPU
		{4F07ADCD-F161-4309-BB73-E5228DD877A5}.Debug|Any CPU.Build.0 = Debug|Any CPU
		{4F07ADCD-F161-4309-BB73-E5228DD877A5}.Release|Any CPU.ActiveCfg = Release|Any CPU
		{4F07ADCD-F161-4309-BB73-E5228DD877A5}.Release|Any CPU.Build.0 = Release|Any CPU
		{EC8CF357-3D39-4E21-A180-536D44C1BA5D}.Debug|Any CPU.ActiveCfg = Debug|Any CPU
		{EC8CF357-3D39-4E21-A180-536D44C1BA5D}.Debug|Any CPU.Build.0 = Debug|Any CPU
		{EC8CF357-3D39-4E21-A180-536D44C1BA5D}.Release|Any CPU.ActiveCfg = Release|Any CPU
		{EC8CF357-3D39-4E21-A180-536D44C1BA5D}.Release|Any CPU.Build.0 = Release|Any CPU
		{D64DC991-C7D4-458E-8B6A-2474A6A5ACD0}.Debug|Any CPU.ActiveCfg = Debug|Any CPU
		{D64DC991-C7D4-458E-8B6A-2474A6A5ACD0}.Debug|Any CPU.Build.0 = Debug|Any CPU
		{D64DC991-C7D4-458E-8B6A-2474A6A5ACD0}.Release|Any CPU.ActiveCfg = Release|Any CPU
		{D64DC991-C7D4-458E-8B6A-2474A6A5ACD0}.Release|Any CPU.Build.0 = Release|Any CPU
	EndGlobalSection
	GlobalSection(SolutionProperties) = preSolution
		HideSolutionNode = FALSE
	EndGlobalSection
	GlobalSection(ExtensibilityGlobals) = postSolution
		SolutionGuid = {E35E2994-834B-4895-8CDA-C2AC8980A25F}
	EndGlobalSection
EndGlobal
